
Microsoft Visual Studio Solution File, Format Version 12.00
# Visual Studio 15
VisualStudioVersion = 15.0.28307.960
MinimumVisualStudioVersion = 10.0.40219.1
Project("{FAE04EC0-301F-11D3-BF4B-00C04F79EFBC}") = "ADMPro", "ADMPro\ADMPro.csproj", "{3E737500-B772-4D18-8BB6-744478CCB768}"
EndProject
Project("{FAE04EC0-301F-11D3-BF4B-00C04F79EFBC}") = "SQLHelper", "SQLHelper\SQLHelper.csproj", "{0CAC6827-4AC0-4E76-99A2-1305DB9015A6}"
EndProject
Project("{FAE04EC0-301F-11D3-BF4B-00C04F79EFBC}") = "SQLLogic", "SQLLogic\SQLLogic.csproj", "{C243D44A-ACC0-44F4-9948-3D6FC414F4E9}"
EndProject
Project("{FAE04EC0-301F-11D3-BF4B-00C04F79EFBC}") = "SQLClass", "SQLClass\SQLClass.csproj", "{0B3C57A0-7006-4EB6-B5CB-4A593523BC40}"
EndProject
Global
	GlobalSection(SolutionConfigurationPlatforms) = preSolution
		Debug|Any CPU = Debug|Any CPU
		Release|Any CPU = Release|Any CPU
	EndGlobalSection
	GlobalSection(ProjectConfigurationPlatforms) = postSolution
		{3E737500-B772-4D18-8BB6-744478CCB768}.Debug|Any CPU.ActiveCfg = Debug|Any CPU
		{3E737500-B772-4D18-8BB6-744478CCB768}.Debug|Any CPU.Build.0 = Debug|Any CPU
		{3E737500-B772-4D18-8BB6-744478CCB768}.Release|Any CPU.ActiveCfg = Release|Any CPU
		{3E737500-B772-4D18-8BB6-744478CCB768}.Release|Any CPU.Build.0 = Release|Any CPU
		{0CAC6827-4AC0-4E76-99A2-1305DB9015A6}.Debug|Any CPU.ActiveCfg = Debug|Any CPU
		{0CAC6827-4AC0-4E76-99A2-1305DB9015A6}.Debug|Any CPU.Build.0 = Debug|Any CPU
		{0CAC6827-4AC0-4E76-99A2-1305DB9015A6}.Release|Any CPU.ActiveCfg = Release|Any CPU
		{0CAC6827-4AC0-4E76-99A2-1305DB9015A6}.Release|Any CPU.Build.0 = Release|Any CPU
		{C243D44A-ACC0-44F4-9948-3D6FC414F4E9}.Debug|Any CPU.ActiveCfg = Debug|Any CPU
		{C243D44A-ACC0-44F4-9948-3D6FC414F4E9}.Debug|Any CPU.Build.0 = Debug|Any CPU
		{C243D44A-ACC0-44F4-9948-3D6FC414F4E9}.Release|Any CPU.ActiveCfg = Release|Any CPU
		{C243D44A-ACC0-44F4-9948-3D6FC414F4E9}.Release|Any CPU.Build.0 = Release|Any CPU
		{0B3C57A0-7006-4EB6-B5CB-4A593523BC40}.Debug|Any CPU.ActiveCfg = Debug|Any CPU
		{0B3C57A0-7006-4EB6-B5CB-4A593523BC40}.Debug|Any CPU.Build.0 = Debug|Any CPU
		{0B3C57A0-7006-4EB6-B5CB-4A593523BC40}.Release|Any CPU.ActiveCfg = Release|Any CPU
		{0B3C57A0-7006-4EB6-B5CB-4A593523BC40}.Release|Any CPU.Build.0 = Release|Any CPU
	EndGlobalSection
	GlobalSection(SolutionProperties) = preSolution
		HideSolutionNode = FALSE
	EndGlobalSection
	GlobalSection(ExtensibilityGlobals) = postSolution
		SolutionGuid = {A29576A1-0FE4-4550-959B-42E0D7B50069}
	EndGlobalSection
EndGlobal
